
Microsoft Visual Studio Solution File, Format Version 12.00
# Visual Studio 14
VisualStudioVersion = 14.0.25420.1
MinimumVisualStudioVersion = 10.0.40219.1
Project("{2150E333-8FDC-42A3-9474-1A3956D46DE8}") = "src", "src", "{5E5BC413-7244-4939-BAAC-A2B5F91B1492}"
EndProject
Project("{2150E333-8FDC-42A3-9474-1A3956D46DE8}") = "Solution Items", "Solution Items", "{C67BC893-6D00-48CF-90E8-4C4B78E8033A}"
	ProjectSection(SolutionItems) = preProject
		global.json = global.json
	EndProjectSection
EndProject
Project("{8BB2217D-0F2D-49D1-97BC-3654ED321F3B}") = "NetCoreApiDemo", "src\NetCoreApiDemo\NetCoreApiDemo.xproj", "{6C52F2E0-3B6C-421E-9546-E19236CA4C7E}"
EndProject
Global
	GlobalSection(SolutionConfigurationPlatforms) = preSolution
		Debug|Any CPU = Debug|Any CPU
		Release|Any CPU = Release|Any CPU
	EndGlobalSection
	GlobalSection(ProjectConfigurationPlatforms) = postSolution
		{6C52F2E0-3B6C-421E-9546-E19236CA4C7E}.Debug|Any CPU.ActiveCfg = Debug|Any CPU
		{6C52F2E0-3B6C-421E-9546-E19236CA4C7E}.Debug|Any CPU.Build.0 = Debug|Any CPU
		{6C52F2E0-3B6C-421E-9546-E19236CA4C7E}.Release|Any CPU.ActiveCfg = Release|Any CPU
		{6C52F2E0-3B6C-421E-9546-E19236CA4C7E}.Release|Any CPU.Build.0 = Release|Any CPU
	EndGlobalSection
	GlobalSection(SolutionProperties) = preSolution
		HideSolutionNode = FALSE
	EndGlobalSection
	GlobalSection(NestedProjects) = preSolution
		{6C52F2E0-3B6C-421E-9546-E19236CA4C7E} = {5E5BC413-7244-4939-BAAC-A2B5F91B1492}
	EndGlobalSection
EndGlobal
